// !$*UTF8*$!
{
	archiveVersion = 1;
	classes = {
	};
	objectVersion = 46;
	objects = {

/* Begin PBXBuildFile section */
		C621AFCA1E97C9A1002397A5 /* AppDelegate.swift in Sources */ = {isa = PBXBuildFile; fileRef = C621AFC91E97C9A1002397A5 /* AppDelegate.swift */; };
		C621AFCC1E97C9A1002397A5 /* ViewController.swift in Sources */ = {isa = PBXBuildFile; fileRef = C621AFCB1E97C9A1002397A5 /* ViewController.swift */; };
		C621AFCF1E97C9A1002397A5 /* Main.storyboard in Resources */ = {isa = PBXBuildFile; fileRef = C621AFCD1E97C9A1002397A5 /* Main.storyboard */; };
		C621AFD11E97C9A1002397A5 /* Assets.xcassets in Resources */ = {isa = PBXBuildFile; fileRef = C621AFD01E97C9A1002397A5 /* Assets.xcassets */; };
		C621AFD41E97C9A1002397A5 /* LaunchScreen.storyboard in Resources */ = {isa = PBXBuildFile; fileRef = C621AFD21E97C9A1002397A5 /* LaunchScreen.storyboard */; };
		C621AFDF1E97C9A1002397A5 /* DataManagerTests.swift in Sources */ = {isa = PBXBuildFile; fileRef = C621AFDE1E97C9A1002397A5 /* DataManagerTests.swift */; };
		C6702C0D1E97D0270016BBCA /* DataManager.swift in Sources */ = {isa = PBXBuildFile; fileRef = C6702C0C1E97D0270016BBCA /* DataManager.swift */; };
		C698764C1E9B80C20052EB38 /* Presenter.swift in Sources */ = {isa = PBXBuildFile; fileRef = C698764B1E9B80C20052EB38 /* Presenter.swift */; };
		C698764D1E9B893B0052EB38 /* DataManager.swift in Sources */ = {isa = PBXBuildFile; fileRef = C6702C0C1E97D0270016BBCA /* DataManager.swift */; };
		C698764E1E9B893E0052EB38 /* Presenter.swift in Sources */ = {isa = PBXBuildFile; fileRef = C698764B1E9B80C20052EB38 /* Presenter.swift */; };
		C698764F1E9B89410052EB38 /* ViewController.swift in Sources */ = {isa = PBXBuildFile; fileRef = C621AFCB1E97C9A1002397A5 /* ViewController.swift */; };
		C69976FA1E9BA6C9003FF137 /* NetworkDataProvider.swift in Sources */ = {isa = PBXBuildFile; fileRef = C69976F91E9BA6C9003FF137 /* NetworkDataProvider.swift */; };
		C69976FB1E9BB353003FF137 /* ArtPiece.swift in Sources */ = {isa = PBXBuildFile; fileRef = C6F0EE681E9BA30B00F392FA /* ArtPiece.swift */; };
		C69976FD1E9BD1B4003FF137 /* ArtCollectionMapper.swift in Sources */ = {isa = PBXBuildFile; fileRef = C69976FC1E9BD1B4003FF137 /* ArtCollectionMapper.swift */; };
		C69977041E9CDC96003FF137 /* placeholder.png in Resources */ = {isa = PBXBuildFile; fileRef = C69977031E9CDC96003FF137 /* placeholder.png */; };
		C69977061E9CE0F5003FF137 /* UIImageView+URLImage.swift in Sources */ = {isa = PBXBuildFile; fileRef = C69977051E9CE0F5003FF137 /* UIImageView+URLImage.swift */; };
		C69977081E9CFB98003FF137 /* ArtCollectionMaperTests.swift in Sources */ = {isa = PBXBuildFile; fileRef = C69977071E9CFB97003FF137 /* ArtCollectionMaperTests.swift */; };
		C699770A1E9D0218003FF137 /* Collection.json in Resources */ = {isa = PBXBuildFile; fileRef = C69977091E9D0218003FF137 /* Collection.json */; };
		C699770C1E9D0335003FF137 /* ArtCollectionMapper.swift in Sources */ = {isa = PBXBuildFile; fileRef = C69976FC1E9BD1B4003FF137 /* ArtCollectionMapper.swift */; };
		C699770D1E9D0439003FF137 /* NetworkDataProvider.swift in Sources */ = {isa = PBXBuildFile; fileRef = C69976F91E9BA6C9003FF137 /* NetworkDataProvider.swift */; };
		C699770F1E9E550D003FF137 /* CollectionTableViewSource.swift in Sources */ = {isa = PBXBuildFile; fileRef = C699770E1E9E550D003FF137 /* CollectionTableViewSource.swift */; };
		C6CB4CFD1E9F7F3400BB461D /* CollectionTableViewSource.swift in Sources */ = {isa = PBXBuildFile; fileRef = C699770E1E9E550D003FF137 /* CollectionTableViewSource.swift */; };
		C6CB4CFF1E9F985B00BB461D /* Collection.json in Resources */ = {isa = PBXBuildFile; fileRef = C69977091E9D0218003FF137 /* Collection.json */; };
		C6F0EE691E9BA30B00F392FA /* ArtPiece.swift in Sources */ = {isa = PBXBuildFile; fileRef = C6F0EE681E9BA30B00F392FA /* ArtPiece.swift */; };
/* End PBXBuildFile section */

/* Begin PBXContainerItemProxy section */
		C621AFDB1E97C9A1002397A5 /* PBXContainerItemProxy */ = {
			isa = PBXContainerItemProxy;
			containerPortal = C621AFBE1E97C9A1002397A5 /* Project object */;
			proxyType = 1;
			remoteGlobalIDString = C621AFC51E97C9A1002397A5;
			remoteInfo = UnitTestExample;
		};
/* End PBXContainerItemProxy section */

/* Begin PBXFileReference section */
		C621AFC61E97C9A1002397A5 /* UnitTestExample.app */ = {isa = PBXFileReference; explicitFileType = wrapper.application; includeInIndex = 0; path = UnitTestExample.app; sourceTree = BUILT_PRODUCTS_DIR; };
		C621AFC91E97C9A1002397A5 /* AppDelegate.swift */ = {isa = PBXFileReference; lastKnownFileType = sourcecode.swift; path = AppDelegate.swift; sourceTree = "<group>"; };
		C621AFCB1E97C9A1002397A5 /* ViewController.swift */ = {isa = PBXFileReference; lastKnownFileType = sourcecode.swift; path = ViewController.swift; sourceTree = "<group>"; };
		C621AFCE1E97C9A1002397A5 /* Base */ = {isa = PBXFileReference; lastKnownFileType = file.storyboard; name = Base; path = Base.lproj/Main.storyboard; sourceTree = "<group>"; };
		C621AFD01E97C9A1002397A5 /* Assets.xcassets */ = {isa = PBXFileReference; lastKnownFileType = folder.assetcatalog; path = Assets.xcassets; sourceTree = "<group>"; };
		C621AFD31E97C9A1002397A5 /* Base */ = {isa = PBXFileReference; lastKnownFileType = file.storyboard; name = Base; path = Base.lproj/LaunchScreen.storyboard; sourceTree = "<group>"; };
		C621AFD51E97C9A1002397A5 /* Info.plist */ = {isa = PBXFileReference; lastKnownFileType = text.plist.xml; path = Info.plist; sourceTree = "<group>"; };
		C621AFDA1E97C9A1002397A5 /* UnitTestExampleTests.xctest */ = {isa = PBXFileReference; explicitFileType = wrapper.cfbundle; includeInIndex = 0; path = UnitTestExampleTests.xctest; sourceTree = BUILT_PRODUCTS_DIR; };
		C621AFDE1E97C9A1002397A5 /* DataManagerTests.swift */ = {isa = PBXFileReference; lastKnownFileType = sourcecode.swift; path = DataManagerTests.swift; sourceTree = "<group>"; };
		C621AFE01E97C9A1002397A5 /* Info.plist */ = {isa = PBXFileReference; lastKnownFileType = text.plist.xml; path = Info.plist; sourceTree = "<group>"; };
		C6702C0C1E97D0270016BBCA /* DataManager.swift */ = {isa = PBXFileReference; fileEncoding = 4; lastKnownFileType = sourcecode.swift; path = DataManager.swift; sourceTree = "<group>"; };
		C698764B1E9B80C20052EB38 /* Presenter.swift */ = {isa = PBXFileReference; fileEncoding = 4; lastKnownFileType = sourcecode.swift; path = Presenter.swift; sourceTree = "<group>"; };
		C69976F91E9BA6C9003FF137 /* NetworkDataProvider.swift */ = {isa = PBXFileReference; fileEncoding = 4; lastKnownFileType = sourcecode.swift; path = NetworkDataProvider.swift; sourceTree = "<group>"; };
		C69976FC1E9BD1B4003FF137 /* ArtCollectionMapper.swift */ = {isa = PBXFileReference; fileEncoding = 4; lastKnownFileType = sourcecode.swift; path = ArtCollectionMapper.swift; sourceTree = "<group>"; };
		C69977031E9CDC96003FF137 /* placeholder.png */ = {isa = PBXFileReference; lastKnownFileType = image.png; name = placeholder.png; path = Resources/placeholder.png; sourceTree = "<group>"; };
		C69977051E9CE0F5003FF137 /* UIImageView+URLImage.swift */ = {isa = PBXFileReference; fileEncoding = 4; lastKnownFileType = sourcecode.swift; path = "UIImageView+URLImage.swift"; sourceTree = "<group>"; };
		C69977071E9CFB97003FF137 /* ArtCollectionMaperTests.swift */ = {isa = PBXFileReference; fileEncoding = 4; lastKnownFileType = sourcecode.swift; path = ArtCollectionMaperTests.swift; sourceTree = "<group>"; };
		C69977091E9D0218003FF137 /* Collection.json */ = {isa = PBXFileReference; fileEncoding = 4; lastKnownFileType = text.json; path = Collection.json; sourceTree = "<group>"; };
		C699770E1E9E550D003FF137 /* CollectionTableViewSource.swift */ = {isa = PBXFileReference; fileEncoding = 4; lastKnownFileType = sourcecode.swift; path = CollectionTableViewSource.swift; sourceTree = "<group>"; };
		C6F0EE681E9BA30B00F392FA /* ArtPiece.swift */ = {isa = PBXFileReference; fileEncoding = 4; lastKnownFileType = sourcecode.swift; path = ArtPiece.swift; sourceTree = "<group>"; };
/* End PBXFileReference section */

/* Begin PBXFrameworksBuildPhase section */
		C621AFC31E97C9A1002397A5 /* Frameworks */ = {
			isa = PBXFrameworksBuildPhase;
			buildActionMask = 2147483647;
			files = (
			);
			runOnlyForDeploymentPostprocessing = 0;
		};
		C621AFD71E97C9A1002397A5 /* Frameworks */ = {
			isa = PBXFrameworksBuildPhase;
			buildActionMask = 2147483647;
			files = (
			);
			runOnlyForDeploymentPostprocessing = 0;
		};
/* End PBXFrameworksBuildPhase section */

/* Begin PBXGroup section */
		C621AFBD1E97C9A1002397A5 = {
			isa = PBXGroup;
			children = (
				C621AFC81E97C9A1002397A5 /* UnitTestExample */,
				C621AFDD1E97C9A1002397A5 /* UnitTestExampleTests */,
				C621AFC71E97C9A1002397A5 /* Products */,
			);
			sourceTree = "<group>";
		};
		C621AFC71E97C9A1002397A5 /* Products */ = {
			isa = PBXGroup;
			children = (
				C621AFC61E97C9A1002397A5 /* UnitTestExample.app */,
				C621AFDA1E97C9A1002397A5 /* UnitTestExampleTests.xctest */,
			);
			name = Products;
			sourceTree = "<group>";
		};
		C621AFC81E97C9A1002397A5 /* UnitTestExample */ = {
			isa = PBXGroup;
			children = (
				C69977031E9CDC96003FF137 /* placeholder.png */,
				C69976FE1E9CD2E6003FF137 /* Categories */,
				C621AFC91E97C9A1002397A5 /* AppDelegate.swift */,
				C621AFCB1E97C9A1002397A5 /* ViewController.swift */,
				C699770E1E9E550D003FF137 /* CollectionTableViewSource.swift */,
				C6702C0C1E97D0270016BBCA /* DataManager.swift */,
				C698764B1E9B80C20052EB38 /* Presenter.swift */,
				C69976F91E9BA6C9003FF137 /* NetworkDataProvider.swift */,
				C69976FC1E9BD1B4003FF137 /* ArtCollectionMapper.swift */,
				C6F0EE681E9BA30B00F392FA /* ArtPiece.swift */,
				C621AFCD1E97C9A1002397A5 /* Main.storyboard */,
				C621AFD01E97C9A1002397A5 /* Assets.xcassets */,
				C621AFD21E97C9A1002397A5 /* LaunchScreen.storyboard */,
				C621AFD51E97C9A1002397A5 /* Info.plist */,
			);
			path = UnitTestExample;
			sourceTree = "<group>";
		};
		C621AFDD1E97C9A1002397A5 /* UnitTestExampleTests */ = {
			isa = PBXGroup;
			children = (
				C621AFDE1E97C9A1002397A5 /* DataManagerTests.swift */,
				C621AFE01E97C9A1002397A5 /* Info.plist */,
				C69977071E9CFB97003FF137 /* ArtCollectionMaperTests.swift */,
				C69977091E9D0218003FF137 /* Collection.json */,
			);
			path = UnitTestExampleTests;
			sourceTree = "<group>";
		};
		C69976FE1E9CD2E6003FF137 /* Categories */ = {
			isa = PBXGroup;
			children = (
				C69977051E9CE0F5003FF137 /* UIImageView+URLImage.swift */,
			);
			name = Categories;
			sourceTree = "<group>";
		};
/* End PBXGroup section */

/* Begin PBXNativeTarget section */
		C621AFC51E97C9A1002397A5 /* UnitTestExample */ = {
			isa = PBXNativeTarget;
			buildConfigurationList = C621AFE31E97C9A1002397A5 /* Build configuration list for PBXNativeTarget "UnitTestExample" */;
			buildPhases = (
				C621AFC21E97C9A1002397A5 /* Sources */,
				C621AFC31E97C9A1002397A5 /* Frameworks */,
				C621AFC41E97C9A1002397A5 /* Resources */,
			);
			buildRules = (
			);
			dependencies = (
			);
			name = UnitTestExample;
			productName = UnitTestExample;
			productReference = C621AFC61E97C9A1002397A5 /* UnitTestExample.app */;
			productType = "com.apple.product-type.application";
		};
		C621AFD91E97C9A1002397A5 /* UnitTestExampleTests */ = {
			isa = PBXNativeTarget;
			buildConfigurationList = C621AFE61E97C9A1002397A5 /* Build configuration list for PBXNativeTarget "UnitTestExampleTests" */;
			buildPhases = (
				C621AFD61E97C9A1002397A5 /* Sources */,
				C621AFD71E97C9A1002397A5 /* Frameworks */,
				C621AFD81E97C9A1002397A5 /* Resources */,
			);
			buildRules = (
			);
			dependencies = (
				C621AFDC1E97C9A1002397A5 /* PBXTargetDependency */,
			);
			name = UnitTestExampleTests;
			productName = UnitTestExampleTests;
			productReference = C621AFDA1E97C9A1002397A5 /* UnitTestExampleTests.xctest */;
			productType = "com.apple.product-type.bundle.unit-test";
		};
/* End PBXNativeTarget section */

/* Begin PBXProject section */
		C621AFBE1E97C9A1002397A5 /* Project object */ = {
			isa = PBXProject;
			attributes = {
				LastSwiftUpdateCheck = 0830;
				LastUpgradeCheck = 0830;
				ORGANIZATIONNAME = Mobiquity;
				TargetAttributes = {
					C621AFC51E97C9A1002397A5 = {
						CreatedOnToolsVersion = 8.3;
						DevelopmentTeam = 3T2L3RT6LF;
						ProvisioningStyle = Automatic;
					};
					C621AFD91E97C9A1002397A5 = {
						CreatedOnToolsVersion = 8.3;
						DevelopmentTeam = 3T2L3RT6LF;
						ProvisioningStyle = Automatic;
						TestTargetID = C621AFC51E97C9A1002397A5;
					};
				};
			};
			buildConfigurationList = C621AFC11E97C9A1002397A5 /* Build configuration list for PBXProject "UnitTestExample" */;
			compatibilityVersion = "Xcode 3.2";
			developmentRegion = English;
			hasScannedForEncodings = 0;
			knownRegions = (
				en,
				Base,
			);
			mainGroup = C621AFBD1E97C9A1002397A5;
			productRefGroup = C621AFC71E97C9A1002397A5 /* Products */;
			projectDirPath = "";
			projectRoot = "";
			targets = (
				C621AFC51E97C9A1002397A5 /* UnitTestExample */,
				C621AFD91E97C9A1002397A5 /* UnitTestExampleTests */,
			);
		};
/* End PBXProject section */

/* Begin PBXResourcesBuildPhase section */
		C621AFC41E97C9A1002397A5 /* Resources */ = {
			isa = PBXResourcesBuildPhase;
			buildActionMask = 2147483647;
			files = (
				C6CB4CFF1E9F985B00BB461D /* Collection.json in Resources */,
				C621AFD41E97C9A1002397A5 /* LaunchScreen.storyboard in Resources */,
				C69977041E9CDC96003FF137 /* placeholder.png in Resources */,
				C621AFD11E97C9A1002397A5 /* Assets.xcassets in Resources */,
				C621AFCF1E97C9A1002397A5 /* Main.storyboard in Resources */,
			);
			runOnlyForDeploymentPostprocessing = 0;
		};
		C621AFD81E97C9A1002397A5 /* Resources */ = {
			isa = PBXResourcesBuildPhase;
			buildActionMask = 2147483647;
			files = (
				C699770A1E9D0218003FF137 /* Collection.json in Resources */,
			);
			runOnlyForDeploymentPostprocessing = 0;
		};
/* End PBXResourcesBuildPhase section */

/* Begin PBXSourcesBuildPhase section */
		C621AFC21E97C9A1002397A5 /* Sources */ = {
			isa = PBXSourcesBuildPhase;
			buildActionMask = 2147483647;
			files = (
				C621AFCC1E97C9A1002397A5 /* ViewController.swift in Sources */,
				C69976FA1E9BA6C9003FF137 /* NetworkDataProvider.swift in Sources */,
				C69977061E9CE0F5003FF137 /* UIImageView+URLImage.swift in Sources */,
				C6F0EE691E9BA30B00F392FA /* ArtPiece.swift in Sources */,
				C69976FD1E9BD1B4003FF137 /* ArtCollectionMapper.swift in Sources */,
				C6702C0D1E97D0270016BBCA /* DataManager.swift in Sources */,
				C698764C1E9B80C20052EB38 /* Presenter.swift in Sources */,
				C621AFCA1E97C9A1002397A5 /* AppDelegate.swift in Sources */,
				C699770F1E9E550D003FF137 /* CollectionTableViewSource.swift in Sources */,
			);
			runOnlyForDeploymentPostprocessing = 0;
		};
		C621AFD61E97C9A1002397A5 /* Sources */ = {
			isa = PBXSourcesBuildPhase;
			buildActionMask = 2147483647;
			files = (
				C698764E1E9B893E0052EB38 /* Presenter.swift in Sources */,
				C621AFDF1E97C9A1002397A5 /* DataManagerTests.swift in Sources */,
				C69976FB1E9BB353003FF137 /* ArtPiece.swift in Sources */,
				C699770D1E9D0439003FF137 /* NetworkDataProvider.swift in Sources */,
				C699770C1E9D0335003FF137 /* ArtCollectionMapper.swift in Sources */,
				C69977081E9CFB98003FF137 /* ArtCollectionMaperTests.swift in Sources */,
				C698764F1E9B89410052EB38 /* ViewController.swift in Sources */,
				C698764D1E9B893B0052EB38 /* DataManager.swift in Sources */,
				C6CB4CFD1E9F7F3400BB461D /* CollectionTableViewSource.swift in Sources */,
			);
			runOnlyForDeploymentPostprocessing = 0;
		};
/* End PBXSourcesBuildPhase section */

/* Begin PBXTargetDependency section */
		C621AFDC1E97C9A1002397A5 /* PBXTargetDependency */ = {
			isa = PBXTargetDependency;
			target = C621AFC51E97C9A1002397A5 /* UnitTestExample */;
			targetProxy = C621AFDB1E97C9A1002397A5 /* PBXContainerItemProxy */;
		};
/* End PBXTargetDependency section */

/* Begin PBXVariantGroup section */
		C621AFCD1E97C9A1002397A5 /* Main.storyboard */ = {
			isa = PBXVariantGroup;
			children = (
				C621AFCE1E97C9A1002397A5 /* Base */,
			);
			name = Main.storyboard;
			sourceTree = "<group>";
		};
		C621AFD21E97C9A1002397A5 /* LaunchScreen.storyboard */ = {
			isa = PBXVariantGroup;
			children = (
				C621AFD31E97C9A1002397A5 /* Base */,
			);
			name = LaunchScreen.storyboard;
			sourceTree = "<group>";
		};
/* End PBXVariantGroup section */

/* Begin XCBuildConfiguration section */
		C621AFE11E97C9A1002397A5 /* Debug */ = {
			isa = XCBuildConfiguration;
			buildSettings = {
				ALWAYS_SEARCH_USER_PATHS = NO;
				CLANG_ANALYZER_NONNULL = YES;
				CLANG_ANALYZER_NUMBER_OBJECT_CONVERSION = YES_AGGRESSIVE;
				CLANG_CXX_LANGUAGE_STANDARD = "gnu++0x";
				CLANG_CXX_LIBRARY = "libc++";
				CLANG_ENABLE_MODULES = YES;
				CLANG_ENABLE_OBJC_ARC = YES;
				CLANG_WARN_BOOL_CONVERSION = YES;
				CLANG_WARN_CONSTANT_CONVERSION = YES;
				CLANG_WARN_DIRECT_OBJC_ISA_USAGE = YES_ERROR;
				CLANG_WARN_DOCUMENTATION_COMMENTS = YES;
				CLANG_WARN_EMPTY_BODY = YES;
				CLANG_WARN_ENUM_CONVERSION = YES;
				CLANG_WARN_INFINITE_RECURSION = YES;
				CLANG_WARN_INT_CONVERSION = YES;
				CLANG_WARN_OBJC_ROOT_CLASS = YES_ERROR;
				CLANG_WARN_SUSPICIOUS_MOVE = YES;
				CLANG_WARN_UNREACHABLE_CODE = YES;
				CLANG_WARN__DUPLICATE_METHOD_MATCH = YES;
				"CODE_SIGN_IDENTITY[sdk=iphoneos*]" = "iPhone Developer";
				COPY_PHASE_STRIP = NO;
				DEBUG_INFORMATION_FORMAT = dwarf;
				ENABLE_STRICT_OBJC_MSGSEND = YES;
				ENABLE_TESTABILITY = YES;
				GCC_C_LANGUAGE_STANDARD = gnu99;
				GCC_DYNAMIC_NO_PIC = NO;
				GCC_NO_COMMON_BLOCKS = YES;
				GCC_OPTIMIZATION_LEVEL = 0;
				GCC_PREPROCESSOR_DEFINITIONS = (
					"DEBUG=1",
					"$(inherited)",
				);
				GCC_WARN_64_TO_32_BIT_CONVERSION = YES;
				GCC_WARN_ABOUT_RETURN_TYPE = YES_ERROR;
				GCC_WARN_UNDECLARED_SELECTOR = YES;
				GCC_WARN_UNINITIALIZED_AUTOS = YES_AGGRESSIVE;
				GCC_WARN_UNUSED_FUNCTION = YES;
				GCC_WARN_UNUSED_VARIABLE = YES;
				IPHONEOS_DEPLOYMENT_TARGET = 10.3;
				MTL_ENABLE_DEBUG_INFO = YES;
				ONLY_ACTIVE_ARCH = YES;
				SDKROOT = iphoneos;
				SWIFT_ACTIVE_COMPILATION_CONDITIONS = DEBUG;
				SWIFT_OPTIMIZATION_LEVEL = "-Onone";
			};
			name = Debug;
		};
		C621AFE21E97C9A1002397A5 /* Release */ = {
			isa = XCBuildConfiguration;
			buildSettings = {
				ALWAYS_SEARCH_USER_PATHS = NO;
				CLANG_ANALYZER_NONNULL = YES;
				CLANG_ANALYZER_NUMBER_OBJECT_CONVERSION = YES_AGGRESSIVE;
				CLANG_CXX_LANGUAGE_STANDARD = "gnu++0x";
				CLANG_CXX_LIBRARY = "libc++";
				CLANG_ENABLE_MODULES = YES;
				CLANG_ENABLE_OBJC_ARC = YES;
				CLANG_WARN_BOOL_CONVERSION = YES;
				CLANG_WARN_CONSTANT_CONVERSION = YES;
				CLANG_WARN_DIRECT_OBJC_ISA_USAGE = YES_ERROR;
				CLANG_WARN_DOCUMENTATION_COMMENTS = YES;
				CLANG_WARN_EMPTY_BODY = YES;
				CLANG_WARN_ENUM_CONVERSION = YES;
				CLANG_WARN_INFINITE_RECURSION = YES;
				CLANG_WARN_INT_CONVERSION = YES;
				CLANG_WARN_OBJC_ROOT_CLASS = YES_ERROR;
				CLANG_WARN_SUSPICIOUS_MOVE = YES;
				CLANG_WARN_UNREACHABLE_CODE = YES;
				CLANG_WARN__DUPLICATE_METHOD_MATCH = YES;
				"CODE_SIGN_IDENTITY[sdk=iphoneos*]" = "iPhone Developer";
				COPY_PHASE_STRIP = NO;
				DEBUG_INFORMATION_FORMAT = "dwarf-with-dsym";
				ENABLE_NS_ASSERTIONS = NO;
				ENABLE_STRICT_OBJC_MSGSEND = YES;
				GCC_C_LANGUAGE_STANDARD = gnu99;
				GCC_NO_COMMON_BLOCKS = YES;
				GCC_WARN_64_TO_32_BIT_CONVERSION = YES;
				GCC_WARN_ABOUT_RETURN_TYPE = YES_ERROR;
				GCC_WARN_UNDECLARED_SELECTOR = YES;
				GCC_WARN_UNINITIALIZED_AUTOS = YES_AGGRESSIVE;
				GCC_WARN_UNUSED_FUNCTION = YES;
				GCC_WARN_UNUSED_VARIABLE = YES;
				IPHONEOS_DEPLOYMENT_TARGET = 10.3;
				MTL_ENABLE_DEBUG_INFO = NO;
				SDKROOT = iphoneos;
				SWIFT_OPTIMIZATION_LEVEL = "-Owholemodule";
				VALIDATE_PRODUCT = YES;
			};
			name = Release;
		};
		C621AFE41E97C9A1002397A5 /* Debug */ = {
			isa = XCBuildConfiguration;
			buildSettings = {
				ASSETCATALOG_COMPILER_APPICON_NAME = AppIcon;
				DEVELOPMENT_TEAM = 3T2L3RT6LF;
				INFOPLIST_FILE = UnitTestExample/Info.plist;
				LD_RUNPATH_SEARCH_PATHS = "$(inherited) @executable_path/Frameworks";
				PRODUCT_BUNDLE_IDENTIFIER = com.mobiquityinc.UnitTestExample;
				PRODUCT_NAME = "$(TARGET_NAME)";
				SWIFT_VERSION = 3.0;
			};
			name = Debug;
		};
		C621AFE51E97C9A1002397A5 /* Release */ = {
			isa = XCBuildConfiguration;
			buildSettings = {
				ASSETCATALOG_COMPILER_APPICON_NAME = AppIcon;
				DEVELOPMENT_TEAM = 3T2L3RT6LF;
				INFOPLIST_FILE = UnitTestExample/Info.plist;
				LD_RUNPATH_SEARCH_PATHS = "$(inherited) @executable_path/Frameworks";
				PRODUCT_BUNDLE_IDENTIFIER = com.mobiquityinc.UnitTestExample;
				PRODUCT_NAME = "$(TARGET_NAME)";
				SWIFT_VERSION = 3.0;
			};
			name = Release;
		};
		C621AFE71E97C9A1002397A5 /* Debug */ = {
			isa = XCBuildConfiguration;
			buildSettings = {
				ALWAYS_EMBED_SWIFT_STANDARD_LIBRARIES = YES;
				BUNDLE_LOADER = "$(TEST_HOST)";
				DEVELOPMENT_TEAM = 3T2L3RT6LF;
				INFOPLIST_FILE = UnitTestExampleTests/Info.plist;
				LD_RUNPATH_SEARCH_PATHS = "$(inherited) @executable_path/Frameworks @loader_path/Frameworks";
				PRODUCT_BUNDLE_IDENTIFIER = com.mobiquityinc.UnitTestExampleTests;
				PRODUCT_NAME = "$(TARGET_NAME)";
				SWIFT_VERSION = 3.0;
				TEST_HOST = "$(BUILT_PRODUCTS_DIR)/UnitTestExample.app/UnitTestExample";
			};
			name = Debug;
		};
		C621AFE81E97C9A1002397A5 /* Release */ = {
			isa = XCBuildConfiguration;
			buildSettings = {
				ALWAYS_EMBED_SWIFT_STANDARD_LIBRARIES = YES;
				BUNDLE_LOADER = "$(TEST_HOST)";
				DEVELOPMENT_TEAM = 3T2L3RT6LF;
				INFOPLIST_FILE = UnitTestExampleTests/Info.plist;
				LD_RUNPATH_SEARCH_PATHS = "$(inherited) @executable_path/Frameworks @loader_path/Frameworks";
				PRODUCT_BUNDLE_IDENTIFIER = com.mobiquityinc.UnitTestExampleTests;
				PRODUCT_NAME = "$(TARGET_NAME)";
				SWIFT_VERSION = 3.0;
				TEST_HOST = "$(BUILT_PRODUCTS_DIR)/UnitTestExample.app/UnitTestExample";
			};
			name = Release;
		};
/* End XCBuildConfiguration section */

/* Begin XCConfigurationList section */
		C621AFC11E97C9A1002397A5 /* Build configuration list for PBXProject "UnitTestExample" */ = {
			isa = XCConfigurationList;
			buildConfigurations = (
				C621AFE11E97C9A1002397A5 /* Debug */,
				C621AFE21E97C9A1002397A5 /* Release */,
			);
			defaultConfigurationIsVisible = 0;
			defaultConfigurationName = Release;
		};
		C621AFE31E97C9A1002397A5 /* Build configuration list for PBXNativeTarget "UnitTestExample" */ = {
			isa = XCConfigurationList;
			buildConfigurations = (
				C621AFE41E97C9A1002397A5 /* Debug */,
				C621AFE51E97C9A1002397A5 /* Release */,
			);
			defaultConfigurationIsVisible = 0;
			defaultConfigurationName = Release;
		};
		C621AFE61E97C9A1002397A5 /* Build configuration list for PBXNativeTarget "UnitTestExampleTests" */ = {
			isa = XCConfigurationList;
			buildConfigurations = (
				C621AFE71E97C9A1002397A5 /* Debug */,
				C621AFE81E97C9A1002397A5 /* Release */,
			);
			defaultConfigurationIsVisible = 0;
			defaultConfigurationName = Release;
		};
/* End XCConfigurationList section */
	};
	rootObject = C621AFBE1E97C9A1002397A5 /* Project object */;
}
